
Microsoft Visual Studio Solution File, Format Version 12.00
# Visual Studio Version 17
VisualStudioVersion = 17.2.32516.85
MinimumVisualStudioVersion = 10.0.40219.1
Project("{9A19103F-16F7-4668-BE54-9A1E7A4F7556}") = "BulbasaurAPI", "BulbasaurAPI.csproj", "{B6417A90-E6E2-4910-92CF-98E8B910FD44}"
EndProject
Project("{9A19103F-16F7-4668-BE54-9A1E7A4F7556}") = "BulbasaurUnitTests", "..\BulbasaurAPI-test\BulbasaurUnitTests.csproj", "{27CBBE41-89F1-4CF0-9807-DC9DBFF75E14}"
EndProject
Project("{2150E333-8FDC-42A3-9474-1A3956D46DE8}") = "Tests", "Tests", "{93175129-6AFB-46D8-9CEE-147B69FF76C0}"
EndProject
Project("{FAE04EC0-301F-11D3-BF4B-00C04F79EFBC}") = "BulbasaurIntegrationTests", "..\BulbasaurIntegrationTests\BulbasaurIntegrationTests.csproj", "{457FEE77-6F59-4004-8A0F-91BFA5F60B7D}"
EndProject
Global
	GlobalSection(SolutionConfigurationPlatforms) = preSolution
		Debug|Any CPU = Debug|Any CPU
		Release|Any CPU = Release|Any CPU
	EndGlobalSection
	GlobalSection(ProjectConfigurationPlatforms) = postSolution
		{B6417A90-E6E2-4910-92CF-98E8B910FD44}.Debug|Any CPU.ActiveCfg = Debug|Any CPU
		{B6417A90-E6E2-4910-92CF-98E8B910FD44}.Debug|Any CPU.Build.0 = Debug|Any CPU
		{B6417A90-E6E2-4910-92CF-98E8B910FD44}.Release|Any CPU.ActiveCfg = Release|Any CPU
		{B6417A90-E6E2-4910-92CF-98E8B910FD44}.Release|Any CPU.Build.0 = Release|Any CPU
		{27CBBE41-89F1-4CF0-9807-DC9DBFF75E14}.Debug|Any CPU.ActiveCfg = Debug|Any CPU
		{27CBBE41-89F1-4CF0-9807-DC9DBFF75E14}.Debug|Any CPU.Build.0 = Debug|Any CPU
		{27CBBE41-89F1-4CF0-9807-DC9DBFF75E14}.Release|Any CPU.ActiveCfg = Release|Any CPU
		{27CBBE41-89F1-4CF0-9807-DC9DBFF75E14}.Release|Any CPU.Build.0 = Release|Any CPU
	EndGlobalSection
	GlobalSection(SolutionProperties) = preSolution
		HideSolutionNode = FALSE
	EndGlobalSection
	GlobalSection(NestedProjects) = preSolution
		{27CBBE41-89F1-4CF0-9807-DC9DBFF75E14} = {93175129-6AFB-46D8-9CEE-147B69FF76C0}
		{457FEE77-6F59-4004-8A0F-91BFA5F60B7D} = {93175129-6AFB-46D8-9CEE-147B69FF76C0}
	EndGlobalSection
	GlobalSection(ExtensibilityGlobals) = postSolution
		SolutionGuid = {586C651E-FDF8-47B5-B58A-38B9796741E7}
	EndGlobalSection
EndGlobal
